
Microsoft Visual Studio Solution File, Format Version 12.00
# Visual Studio 15
VisualStudioVersion = 15.0.27703.2026
MinimumVisualStudioVersion = 10.0.40219.1
Project("{FAE04EC0-301F-11D3-BF4B-00C04F79EFBC}") = "WebApi", "WebApi\WebApi.csproj", "{3D6A1F94-C3DD-47FF-A523-2CC8156CBB72}"
EndProject
Project("{FAE04EC0-301F-11D3-BF4B-00C04F79EFBC}") = "Mvc", "Mvc\Mvc.csproj", "{CFA8B2E7-3C8A-4AA2-898D-5BBD4385C314}"
EndProject
Global
	GlobalSection(SolutionConfigurationPlatforms) = preSolution
		Debug|Any CPU = Debug|Any CPU
		Release|Any CPU = Release|Any CPU
	EndGlobalSection
	GlobalSection(ProjectConfigurationPlatforms) = postSolution
		{3D6A1F94-C3DD-47FF-A523-2CC8156CBB72}.Debug|Any CPU.ActiveCfg = Debug|Any CPU
		{3D6A1F94-C3DD-47FF-A523-2CC8156CBB72}.Debug|Any CPU.Build.0 = Debug|Any CPU
		{3D6A1F94-C3DD-47FF-A523-2CC8156CBB72}.Release|Any CPU.ActiveCfg = Release|Any CPU
		{3D6A1F94-C3DD-47FF-A523-2CC8156CBB72}.Release|Any CPU.Build.0 = Release|Any CPU
		{CFA8B2E7-3C8A-4AA2-898D-5BBD4385C314}.Debug|Any CPU.ActiveCfg = Debug|Any CPU
		{CFA8B2E7-3C8A-4AA2-898D-5BBD4385C314}.Debug|Any CPU.Build.0 = Debug|Any CPU
		{CFA8B2E7-3C8A-4AA2-898D-5BBD4385C314}.Release|Any CPU.ActiveCfg = Release|Any CPU
		{CFA8B2E7-3C8A-4AA2-898D-5BBD4385C314}.Release|Any CPU.Build.0 = Release|Any CPU
	EndGlobalSection
	GlobalSection(SolutionProperties) = preSolution
		HideSolutionNode = FALSE
	EndGlobalSection
	GlobalSection(ExtensibilityGlobals) = postSolution
		SolutionGuid = {3595E19E-E475-4127-BADF-6FB705A0B9BB}
	EndGlobalSection
EndGlobal
